
Microsoft Visual Studio Solution File, Format Version 12.00
# Visual Studio Version 17
VisualStudioVersion = 17.5.33424.131
MinimumVisualStudioVersion = 10.0.40219.1
Project("{FAE04EC0-301F-11D3-BF4B-00C04F79EFBC}") = "PITPM_LR4", "PITPM_LR4\PITPM_LR4.csproj", "{C64E2CD9-2F35-481E-92C6-58145298098F}"
EndProject
Project("{FAE04EC0-301F-11D3-BF4B-00C04F79EFBC}") = "Module_Tests", "Module_Tests\Module_Tests.csproj", "{7589CDF7-7C3C-458E-BF05-C15D2367ABEF}"
EndProject
Global
	GlobalSection(SolutionConfigurationPlatforms) = preSolution
		Debug|Any CPU = Debug|Any CPU
		Release|Any CPU = Release|Any CPU
	EndGlobalSection
	GlobalSection(ProjectConfigurationPlatforms) = postSolution
		{C64E2CD9-2F35-481E-92C6-58145298098F}.Debug|Any CPU.ActiveCfg = Debug|Any CPU
		{C64E2CD9-2F35-481E-92C6-58145298098F}.Debug|Any CPU.Build.0 = Debug|Any CPU
		{C64E2CD9-2F35-481E-92C6-58145298098F}.Release|Any CPU.ActiveCfg = Release|Any CPU
		{C64E2CD9-2F35-481E-92C6-58145298098F}.Release|Any CPU.Build.0 = Release|Any CPU
		{7589CDF7-7C3C-458E-BF05-C15D2367ABEF}.Debug|Any CPU.ActiveCfg = Debug|Any CPU
		{7589CDF7-7C3C-458E-BF05-C15D2367ABEF}.Debug|Any CPU.Build.0 = Debug|Any CPU
		{7589CDF7-7C3C-458E-BF05-C15D2367ABEF}.Release|Any CPU.ActiveCfg = Release|Any CPU
		{7589CDF7-7C3C-458E-BF05-C15D2367ABEF}.Release|Any CPU.Build.0 = Release|Any CPU
	EndGlobalSection
	GlobalSection(SolutionProperties) = preSolution
		HideSolutionNode = FALSE
	EndGlobalSection
	GlobalSection(ExtensibilityGlobals) = postSolution
		SolutionGuid = {12966259-1E53-471B-B054-FF1E08030F36}
	EndGlobalSection
EndGlobal
